
Microsoft Visual Studio Solution File, Format Version 12.00
# Visual Studio 15
VisualStudioVersion = 15.0.26228.4
MinimumVisualStudioVersion = 10.0.40219.1
Project("{FAE04EC0-301F-11D3-BF4B-00C04F79EFBC}") = "Otefa.UI.Api", "Otefa.UI.Api\Otefa.UI.Api.csproj", "{CC9FDD15-3C11-4A90-917E-74D3E2AC5205}"
EndProject
Project("{FAE04EC0-301F-11D3-BF4B-00C04F79EFBC}") = "Otefa.Domain", "Otefa.Domain\Otefa.Domain.csproj", "{E6DA9FB5-DCF9-498A-B4B1-E509628EA1B0}"
EndProject
Project("{FAE04EC0-301F-11D3-BF4B-00C04F79EFBC}") = "Otefa.Infrastructure", "Otefa.Infrastructure\Otefa.Infrastructure.csproj", "{6C967E57-04B1-4CBD-BC00-C4E099D37703}"
EndProject
Project("{FAE04EC0-301F-11D3-BF4B-00C04F79EFBC}") = "Otefa.Infrastructure.Persistence.EF", "Otefa.Infrastructure.Persistence.EF\Otefa.Infrastructure.Persistence.EF.csproj", "{0601D0C5-817F-4BAE-898C-55BD247DE1EB}"
EndProject
Project("{FAE04EC0-301F-11D3-BF4B-00C04F79EFBC}") = "Otefa.Infrastructure.IoC.Ninject", "Otefa.Infrastructure.IoC.Ninject\Otefa.Infrastructure.IoC.Ninject.csproj", "{93A5AB41-1124-4E9E-93D6-5AD84BC8B57E}"
EndProject
Project("{2150E333-8FDC-42A3-9474-1A3956D46DE8}") = "Domain", "Domain", "{F9A6D9AD-937F-494D-9873-51FB7DA320F8}"
EndProject
Project("{2150E333-8FDC-42A3-9474-1A3956D46DE8}") = "Infrastructure", "Infrastructure", "{6C858D4A-738E-4B3B-92B1-93E4A9050CF0}"
EndProject
Project("{2150E333-8FDC-42A3-9474-1A3956D46DE8}") = "UI", "UI", "{06745C1E-0839-4CAC-9055-5229B3865EF1}"
EndProject
Project("{FAE04EC0-301F-11D3-BF4B-00C04F79EFBC}") = "Otefa.UI.Api.ViewModel", "Otefa.UI.Api.ViewModel\Otefa.UI.Api.ViewModel.csproj", "{D645024D-8F98-46F4-A591-737B28211444}"
EndProject
Project("{FAE04EC0-301F-11D3-BF4B-00C04F79EFBC}") = "Otefa.Infrastructure.EmailSending", "Otefa.Infrastructure.EmailSending\Otefa.Infrastructure.EmailSending.csproj", "{3CE5694C-5D97-47EA-96A5-BE70E80E9A58}"
EndProject
Global
	GlobalSection(SolutionConfigurationPlatforms) = preSolution
		Debug|Any CPU = Debug|Any CPU
		Debug|ARM = Debug|ARM
		Debug|x64 = Debug|x64
		Debug|x86 = Debug|x86
		Release|Any CPU = Release|Any CPU
		Release|ARM = Release|ARM
		Release|x64 = Release|x64
		Release|x86 = Release|x86
	EndGlobalSection
	GlobalSection(ProjectConfigurationPlatforms) = postSolution
		{CC9FDD15-3C11-4A90-917E-74D3E2AC5205}.Debug|Any CPU.ActiveCfg = Debug|Any CPU
		{CC9FDD15-3C11-4A90-917E-74D3E2AC5205}.Debug|Any CPU.Build.0 = Debug|Any CPU
		{CC9FDD15-3C11-4A90-917E-74D3E2AC5205}.Debug|ARM.ActiveCfg = Debug|Any CPU
		{CC9FDD15-3C11-4A90-917E-74D3E2AC5205}.Debug|ARM.Build.0 = Debug|Any CPU
		{CC9FDD15-3C11-4A90-917E-74D3E2AC5205}.Debug|x64.ActiveCfg = Debug|Any CPU
		{CC9FDD15-3C11-4A90-917E-74D3E2AC5205}.Debug|x64.Build.0 = Debug|Any CPU
		{CC9FDD15-3C11-4A90-917E-74D3E2AC5205}.Debug|x86.ActiveCfg = Debug|Any CPU
		{CC9FDD15-3C11-4A90-917E-74D3E2AC5205}.Debug|x86.Build.0 = Debug|Any CPU
		{CC9FDD15-3C11-4A90-917E-74D3E2AC5205}.Release|Any CPU.ActiveCfg = Release|Any CPU
		{CC9FDD15-3C11-4A90-917E-74D3E2AC5205}.Release|Any CPU.Build.0 = Release|Any CPU
		{CC9FDD15-3C11-4A90-917E-74D3E2AC5205}.Release|ARM.ActiveCfg = Release|Any CPU
		{CC9FDD15-3C11-4A90-917E-74D3E2AC5205}.Release|ARM.Build.0 = Release|Any CPU
		{CC9FDD15-3C11-4A90-917E-74D3E2AC5205}.Release|x64.ActiveCfg = Release|Any CPU
		{CC9FDD15-3C11-4A90-917E-74D3E2AC5205}.Release|x64.Build.0 = Release|Any CPU
		{CC9FDD15-3C11-4A90-917E-74D3E2AC5205}.Release|x86.ActiveCfg = Release|Any CPU
		{CC9FDD15-3C11-4A90-917E-74D3E2AC5205}.Release|x86.Build.0 = Release|Any CPU
		{E6DA9FB5-DCF9-498A-B4B1-E509628EA1B0}.Debug|Any CPU.ActiveCfg = Debug|Any CPU
		{E6DA9FB5-DCF9-498A-B4B1-E509628EA1B0}.Debug|Any CPU.Build.0 = Debug|Any CPU
		{E6DA9FB5-DCF9-498A-B4B1-E509628EA1B0}.Debug|ARM.ActiveCfg = Debug|Any CPU
		{E6DA9FB5-DCF9-498A-B4B1-E509628EA1B0}.Debug|ARM.Build.0 = Debug|Any CPU
		{E6DA9FB5-DCF9-498A-B4B1-E509628EA1B0}.Debug|x64.ActiveCfg = Debug|Any CPU
		{E6DA9FB5-DCF9-498A-B4B1-E509628EA1B0}.Debug|x64.Build.0 = Debug|Any CPU
		{E6DA9FB5-DCF9-498A-B4B1-E509628EA1B0}.Debug|x86.ActiveCfg = Debug|Any CPU
		{E6DA9FB5-DCF9-498A-B4B1-E509628EA1B0}.Debug|x86.Build.0 = Debug|Any CPU
		{E6DA9FB5-DCF9-498A-B4B1-E509628EA1B0}.Release|Any CPU.ActiveCfg = Release|Any CPU
		{E6DA9FB5-DCF9-498A-B4B1-E509628EA1B0}.Release|Any CPU.Build.0 = Release|Any CPU
		{E6DA9FB5-DCF9-498A-B4B1-E509628EA1B0}.Release|ARM.ActiveCfg = Release|Any CPU
		{E6DA9FB5-DCF9-498A-B4B1-E509628EA1B0}.Release|ARM.Build.0 = Release|Any CPU
		{E6DA9FB5-DCF9-498A-B4B1-E509628EA1B0}.Release|x64.ActiveCfg = Release|Any CPU
		{E6DA9FB5-DCF9-498A-B4B1-E509628EA1B0}.Release|x64.Build.0 = Release|Any CPU
		{E6DA9FB5-DCF9-498A-B4B1-E509628EA1B0}.Release|x86.ActiveCfg = Release|Any CPU
		{E6DA9FB5-DCF9-498A-B4B1-E509628EA1B0}.Release|x86.Build.0 = Release|Any CPU
		{6C967E57-04B1-4CBD-BC00-C4E099D37703}.Debug|Any CPU.ActiveCfg = Debug|Any CPU
		{6C967E57-04B1-4CBD-BC00-C4E099D37703}.Debug|Any CPU.Build.0 = Debug|Any CPU
		{6C967E57-04B1-4CBD-BC00-C4E099D37703}.Debug|ARM.ActiveCfg = Debug|Any CPU
		{6C967E57-04B1-4CBD-BC00-C4E099D37703}.Debug|ARM.Build.0 = Debug|Any CPU
		{6C967E57-04B1-4CBD-BC00-C4E099D37703}.Debug|x64.ActiveCfg = Debug|Any CPU
		{6C967E57-04B1-4CBD-BC00-C4E099D37703}.Debug|x64.Build.0 = Debug|Any CPU
		{6C967E57-04B1-4CBD-BC00-C4E099D37703}.Debug|x86.ActiveCfg = Debug|Any CPU
		{6C967E57-04B1-4CBD-BC00-C4E099D37703}.Debug|x86.Build.0 = Debug|Any CPU
		{6C967E57-04B1-4CBD-BC00-C4E099D37703}.Release|Any CPU.ActiveCfg = Release|Any CPU
		{6C967E57-04B1-4CBD-BC00-C4E099D37703}.Release|Any CPU.Build.0 = Release|Any CPU
		{6C967E57-04B1-4CBD-BC00-C4E099D37703}.Release|ARM.ActiveCfg = Release|Any CPU
		{6C967E57-04B1-4CBD-BC00-C4E099D37703}.Release|ARM.Build.0 = Release|Any CPU
		{6C967E57-04B1-4CBD-BC00-C4E099D37703}.Release|x64.ActiveCfg = Release|Any CPU
		{6C967E57-04B1-4CBD-BC00-C4E099D37703}.Release|x64.Build.0 = Release|Any CPU
		{6C967E57-04B1-4CBD-BC00-C4E099D37703}.Release|x86.ActiveCfg = Release|Any CPU
		{6C967E57-04B1-4CBD-BC00-C4E099D37703}.Release|x86.Build.0 = Release|Any CPU
		{0601D0C5-817F-4BAE-898C-55BD247DE1EB}.Debug|Any CPU.ActiveCfg = Debug|Any CPU
		{0601D0C5-817F-4BAE-898C-55BD247DE1EB}.Debug|Any CPU.Build.0 = Debug|Any CPU
		{0601D0C5-817F-4BAE-898C-55BD247DE1EB}.Debug|ARM.ActiveCfg = Debug|Any CPU
		{0601D0C5-817F-4BAE-898C-55BD247DE1EB}.Debug|ARM.Build.0 = Debug|Any CPU
		{0601D0C5-817F-4BAE-898C-55BD247DE1EB}.Debug|x64.ActiveCfg = Debug|Any CPU
		{0601D0C5-817F-4BAE-898C-55BD247DE1EB}.Debug|x64.Build.0 = Debug|Any CPU
		{0601D0C5-817F-4BAE-898C-55BD247DE1EB}.Debug|x86.ActiveCfg = Debug|Any CPU
		{0601D0C5-817F-4BAE-898C-55BD247DE1EB}.Debug|x86.Build.0 = Debug|Any CPU
		{0601D0C5-817F-4BAE-898C-55BD247DE1EB}.Release|Any CPU.ActiveCfg = Release|Any CPU
		{0601D0C5-817F-4BAE-898C-55BD247DE1EB}.Release|Any CPU.Build.0 = Release|Any CPU
		{0601D0C5-817F-4BAE-898C-55BD247DE1EB}.Release|ARM.ActiveCfg = Release|Any CPU
		{0601D0C5-817F-4BAE-898C-55BD247DE1EB}.Release|ARM.Build.0 = Release|Any CPU
		{0601D0C5-817F-4BAE-898C-55BD247DE1EB}.Release|x64.ActiveCfg = Release|Any CPU
		{0601D0C5-817F-4BAE-898C-55BD247DE1EB}.Release|x64.Build.0 = Release|Any CPU
		{0601D0C5-817F-4BAE-898C-55BD247DE1EB}.Release|x86.ActiveCfg = Release|Any CPU
		{0601D0C5-817F-4BAE-898C-55BD247DE1EB}.Release|x86.Build.0 = Release|Any CPU
		{93A5AB41-1124-4E9E-93D6-5AD84BC8B57E}.Debug|Any CPU.ActiveCfg = Debug|Any CPU
		{93A5AB41-1124-4E9E-93D6-5AD84BC8B57E}.Debug|Any CPU.Build.0 = Debug|Any CPU
		{93A5AB41-1124-4E9E-93D6-5AD84BC8B57E}.Debug|ARM.ActiveCfg = Debug|Any CPU
		{93A5AB41-1124-4E9E-93D6-5AD84BC8B57E}.Debug|ARM.Build.0 = Debug|Any CPU
		{93A5AB41-1124-4E9E-93D6-5AD84BC8B57E}.Debug|x64.ActiveCfg = Debug|Any CPU
		{93A5AB41-1124-4E9E-93D6-5AD84BC8B57E}.Debug|x64.Build.0 = Debug|Any CPU
		{93A5AB41-1124-4E9E-93D6-5AD84BC8B57E}.Debug|x86.ActiveCfg = Debug|Any CPU
		{93A5AB41-1124-4E9E-93D6-5AD84BC8B57E}.Debug|x86.Build.0 = Debug|Any CPU
		{93A5AB41-1124-4E9E-93D6-5AD84BC8B57E}.Release|Any CPU.ActiveCfg = Release|Any CPU
		{93A5AB41-1124-4E9E-93D6-5AD84BC8B57E}.Release|Any CPU.Build.0 = Release|Any CPU
		{93A5AB41-1124-4E9E-93D6-5AD84BC8B57E}.Release|ARM.ActiveCfg = Release|Any CPU
		{93A5AB41-1124-4E9E-93D6-5AD84BC8B57E}.Release|ARM.Build.0 = Release|Any CPU
		{93A5AB41-1124-4E9E-93D6-5AD84BC8B57E}.Release|x64.ActiveCfg = Release|Any CPU
		{93A5AB41-1124-4E9E-93D6-5AD84BC8B57E}.Release|x64.Build.0 = Release|Any CPU
		{93A5AB41-1124-4E9E-93D6-5AD84BC8B57E}.Release|x86.ActiveCfg = Release|Any CPU
		{93A5AB41-1124-4E9E-93D6-5AD84BC8B57E}.Release|x86.Build.0 = Release|Any CPU
		{D645024D-8F98-46F4-A591-737B28211444}.Debug|Any CPU.ActiveCfg = Debug|Any CPU
		{D645024D-8F98-46F4-A591-737B28211444}.Debug|Any CPU.Build.0 = Debug|Any CPU
		{D645024D-8F98-46F4-A591-737B28211444}.Debug|ARM.ActiveCfg = Debug|Any CPU
		{D645024D-8F98-46F4-A591-737B28211444}.Debug|ARM.Build.0 = Debug|Any CPU
		{D645024D-8F98-46F4-A591-737B28211444}.Debug|x64.ActiveCfg = Debug|Any CPU
		{D645024D-8F98-46F4-A591-737B28211444}.Debug|x64.Build.0 = Debug|Any CPU
		{D645024D-8F98-46F4-A591-737B28211444}.Debug|x86.ActiveCfg = Debug|Any CPU
		{D645024D-8F98-46F4-A591-737B28211444}.Debug|x86.Build.0 = Debug|Any CPU
		{D645024D-8F98-46F4-A591-737B28211444}.Release|Any CPU.ActiveCfg = Release|Any CPU
		{D645024D-8F98-46F4-A591-737B28211444}.Release|Any CPU.Build.0 = Release|Any CPU
		{D645024D-8F98-46F4-A591-737B28211444}.Release|ARM.ActiveCfg = Release|Any CPU
		{D645024D-8F98-46F4-A591-737B28211444}.Release|ARM.Build.0 = Release|Any CPU
		{D645024D-8F98-46F4-A591-737B28211444}.Release|x64.ActiveCfg = Release|Any CPU
		{D645024D-8F98-46F4-A591-737B28211444}.Release|x64.Build.0 = Release|Any CPU
		{D645024D-8F98-46F4-A591-737B28211444}.Release|x86.ActiveCfg = Release|Any CPU
		{D645024D-8F98-46F4-A591-737B28211444}.Release|x86.Build.0 = Release|Any CPU
		{3CE5694C-5D97-47EA-96A5-BE70E80E9A58}.Debug|Any CPU.ActiveCfg = Debug|Any CPU
		{3CE5694C-5D97-47EA-96A5-BE70E80E9A58}.Debug|Any CPU.Build.0 = Debug|Any CPU
		{3CE5694C-5D97-47EA-96A5-BE70E80E9A58}.Debug|ARM.ActiveCfg = Debug|Any CPU
		{3CE5694C-5D97-47EA-96A5-BE70E80E9A58}.Debug|ARM.Build.0 = Debug|Any CPU
		{3CE5694C-5D97-47EA-96A5-BE70E80E9A58}.Debug|x64.ActiveCfg = Debug|Any CPU
		{3CE5694C-5D97-47EA-96A5-BE70E80E9A58}.Debug|x64.Build.0 = Debug|Any CPU
		{3CE5694C-5D97-47EA-96A5-BE70E80E9A58}.Debug|x86.ActiveCfg = Debug|Any CPU
		{3CE5694C-5D97-47EA-96A5-BE70E80E9A58}.Debug|x86.Build.0 = Debug|Any CPU
		{3CE5694C-5D97-47EA-96A5-BE70E80E9A58}.Release|Any CPU.ActiveCfg = Release|Any CPU
		{3CE5694C-5D97-47EA-96A5-BE70E80E9A58}.Release|Any CPU.Build.0 = Release|Any CPU
		{3CE5694C-5D97-47EA-96A5-BE70E80E9A58}.Release|ARM.ActiveCfg = Release|Any CPU
		{3CE5694C-5D97-47EA-96A5-BE70E80E9A58}.Release|ARM.Build.0 = Release|Any CPU
		{3CE5694C-5D97-47EA-96A5-BE70E80E9A58}.Release|x64.ActiveCfg = Release|Any CPU
		{3CE5694C-5D97-47EA-96A5-BE70E80E9A58}.Release|x64.Build.0 = Release|Any CPU
		{3CE5694C-5D97-47EA-96A5-BE70E80E9A58}.Release|x86.ActiveCfg = Release|Any CPU
		{3CE5694C-5D97-47EA-96A5-BE70E80E9A58}.Release|x86.Build.0 = Release|Any CPU
	EndGlobalSection
	GlobalSection(SolutionProperties) = preSolution
		HideSolutionNode = FALSE
	EndGlobalSection
	GlobalSection(NestedProjects) = preSolution
		{CC9FDD15-3C11-4A90-917E-74D3E2AC5205} = {06745C1E-0839-4CAC-9055-5229B3865EF1}
		{E6DA9FB5-DCF9-498A-B4B1-E509628EA1B0} = {F9A6D9AD-937F-494D-9873-51FB7DA320F8}
		{6C967E57-04B1-4CBD-BC00-C4E099D37703} = {6C858D4A-738E-4B3B-92B1-93E4A9050CF0}
		{0601D0C5-817F-4BAE-898C-55BD247DE1EB} = {6C858D4A-738E-4B3B-92B1-93E4A9050CF0}
		{93A5AB41-1124-4E9E-93D6-5AD84BC8B57E} = {6C858D4A-738E-4B3B-92B1-93E4A9050CF0}
		{D645024D-8F98-46F4-A591-737B28211444} = {06745C1E-0839-4CAC-9055-5229B3865EF1}
		{3CE5694C-5D97-47EA-96A5-BE70E80E9A58} = {6C858D4A-738E-4B3B-92B1-93E4A9050CF0}
	EndGlobalSection
EndGlobal
